
Microsoft Visual Studio Solution File, Format Version 12.00
# Visual Studio Version 17
VisualStudioVersion = 17.0.31903.59
MinimumVisualStudioVersion = 10.0.40219.1
Project("{2150E333-8FDC-42A3-9474-1A3956D46DE8}") = "src", "src", "{827E0CD3-B72D-47B6-A68D-7590B98EB39B}"
EndProject
Project("{FAE04EC0-301F-11D3-BF4B-00C04F79EFBC}") = "WebApolice.BitrixIntegration", "src\WebApolice.BitrixIntegration\WebApolice.BitrixIntegration.csproj", "{AF5FBA08-2BD5-4785-9AB4-E0FF9E43735D}"
EndProject
Project("{FAE04EC0-301F-11D3-BF4B-00C04F79EFBC}") = "WebApolice.BitrixIntegration.Tests", "src\WebApolice.BitrixIntegration.Tests\WebApolice.BitrixIntegration.Tests.csproj", "{6D91245B-829A-4A08-B6D5-DC5A24A64DF6}"
EndProject
Global
	GlobalSection(SolutionConfigurationPlatforms) = preSolution
		Debug|Any CPU = Debug|Any CPU
		Debug|x64 = Debug|x64
		Debug|x86 = Debug|x86
		Release|Any CPU = Release|Any CPU
		Release|x64 = Release|x64
		Release|x86 = Release|x86
	EndGlobalSection
	GlobalSection(ProjectConfigurationPlatforms) = postSolution
		{AF5FBA08-2BD5-4785-9AB4-E0FF9E43735D}.Debug|Any CPU.ActiveCfg = Debug|Any CPU
		{AF5FBA08-2BD5-4785-9AB4-E0FF9E43735D}.Debug|Any CPU.Build.0 = Debug|Any CPU
		{AF5FBA08-2BD5-4785-9AB4-E0FF9E43735D}.Debug|x64.ActiveCfg = Debug|Any CPU
		{AF5FBA08-2BD5-4785-9AB4-E0FF9E43735D}.Debug|x64.Build.0 = Debug|Any CPU
		{AF5FBA08-2BD5-4785-9AB4-E0FF9E43735D}.Debug|x86.ActiveCfg = Debug|Any CPU
		{AF5FBA08-2BD5-4785-9AB4-E0FF9E43735D}.Debug|x86.Build.0 = Debug|Any CPU
		{AF5FBA08-2BD5-4785-9AB4-E0FF9E43735D}.Release|Any CPU.ActiveCfg = Release|Any CPU
		{AF5FBA08-2BD5-4785-9AB4-E0FF9E43735D}.Release|Any CPU.Build.0 = Release|Any CPU
		{AF5FBA08-2BD5-4785-9AB4-E0FF9E43735D}.Release|x64.ActiveCfg = Release|Any CPU
		{AF5FBA08-2BD5-4785-9AB4-E0FF9E43735D}.Release|x64.Build.0 = Release|Any CPU
		{AF5FBA08-2BD5-4785-9AB4-E0FF9E43735D}.Release|x86.ActiveCfg = Release|Any CPU
		{AF5FBA08-2BD5-4785-9AB4-E0FF9E43735D}.Release|x86.Build.0 = Release|Any CPU
		{6D91245B-829A-4A08-B6D5-DC5A24A64DF6}.Debug|Any CPU.ActiveCfg = Debug|Any CPU
		{6D91245B-829A-4A08-B6D5-DC5A24A64DF6}.Debug|Any CPU.Build.0 = Debug|Any CPU
		{6D91245B-829A-4A08-B6D5-DC5A24A64DF6}.Debug|x64.ActiveCfg = Debug|Any CPU
		{6D91245B-829A-4A08-B6D5-DC5A24A64DF6}.Debug|x64.Build.0 = Debug|Any CPU
		{6D91245B-829A-4A08-B6D5-DC5A24A64DF6}.Debug|x86.ActiveCfg = Debug|Any CPU
		{6D91245B-829A-4A08-B6D5-DC5A24A64DF6}.Debug|x86.Build.0 = Debug|Any CPU
		{6D91245B-829A-4A08-B6D5-DC5A24A64DF6}.Release|Any CPU.ActiveCfg = Release|Any CPU
		{6D91245B-829A-4A08-B6D5-DC5A24A64DF6}.Release|Any CPU.Build.0 = Release|Any CPU
		{6D91245B-829A-4A08-B6D5-DC5A24A64DF6}.Release|x64.ActiveCfg = Release|Any CPU
		{6D91245B-829A-4A08-B6D5-DC5A24A64DF6}.Release|x64.Build.0 = Release|Any CPU
		{6D91245B-829A-4A08-B6D5-DC5A24A64DF6}.Release|x86.ActiveCfg = Release|Any CPU
		{6D91245B-829A-4A08-B6D5-DC5A24A64DF6}.Release|x86.Build.0 = Release|Any CPU
	EndGlobalSection
	GlobalSection(SolutionProperties) = preSolution
		HideSolutionNode = FALSE
	EndGlobalSection
	GlobalSection(NestedProjects) = preSolution
		{AF5FBA08-2BD5-4785-9AB4-E0FF9E43735D} = {827E0CD3-B72D-47B6-A68D-7590B98EB39B}
		{6D91245B-829A-4A08-B6D5-DC5A24A64DF6} = {827E0CD3-B72D-47B6-A68D-7590B98EB39B}
	EndGlobalSection
EndGlobal
